
Microsoft Visual Studio Solution File, Format Version 12.00
# Visual Studio Version 17
VisualStudioVersion = 17.8.34316.72
MinimumVisualStudioVersion = 10.0.40219.1
Project("{9A19103F-16F7-4668-BE54-9A1E7A4F7556}") = "MyBlazorApp", "MyBlazorApp\MyBlazorApp.csproj", "{C2928437-A582-4C69-B2E0-5B749D75089D}"
EndProject
Project("{9A19103F-16F7-4668-BE54-9A1E7A4F7556}") = "ViewModels", "ViewModels\ViewModels.csproj", "{4940DFE2-26B4-4251-9170-680CA7495FEB}"
EndProject
Project("{9A19103F-16F7-4668-BE54-9A1E7A4F7556}") = "WebAPIs", "WebAPIs\WebAPIs.csproj", "{F2FB6384-C1EB-4ECD-98CE-F69697B2DC31}"
EndProject
Global
	GlobalSection(SolutionConfigurationPlatforms) = preSolution
		Debug|Any CPU = Debug|Any CPU
		Release|Any CPU = Release|Any CPU
	EndGlobalSection
	GlobalSection(ProjectConfigurationPlatforms) = postSolution
		{C2928437-A582-4C69-B2E0-5B749D75089D}.Debug|Any CPU.ActiveCfg = Debug|Any CPU
		{C2928437-A582-4C69-B2E0-5B749D75089D}.Debug|Any CPU.Build.0 = Debug|Any CPU
		{C2928437-A582-4C69-B2E0-5B749D75089D}.Release|Any CPU.ActiveCfg = Release|Any CPU
		{C2928437-A582-4C69-B2E0-5B749D75089D}.Release|Any CPU.Build.0 = Release|Any CPU
		{4940DFE2-26B4-4251-9170-680CA7495FEB}.Debug|Any CPU.ActiveCfg = Debug|Any CPU
		{4940DFE2-26B4-4251-9170-680CA7495FEB}.Debug|Any CPU.Build.0 = Debug|Any CPU
		{4940DFE2-26B4-4251-9170-680CA7495FEB}.Release|Any CPU.ActiveCfg = Release|Any CPU
		{4940DFE2-26B4-4251-9170-680CA7495FEB}.Release|Any CPU.Build.0 = Release|Any CPU
		{F2FB6384-C1EB-4ECD-98CE-F69697B2DC31}.Debug|Any CPU.ActiveCfg = Debug|Any CPU
		{F2FB6384-C1EB-4ECD-98CE-F69697B2DC31}.Debug|Any CPU.Build.0 = Debug|Any CPU
		{F2FB6384-C1EB-4ECD-98CE-F69697B2DC31}.Release|Any CPU.ActiveCfg = Release|Any CPU
		{F2FB6384-C1EB-4ECD-98CE-F69697B2DC31}.Release|Any CPU.Build.0 = Release|Any CPU
	EndGlobalSection
	GlobalSection(SolutionProperties) = preSolution
		HideSolutionNode = FALSE
	EndGlobalSection
	GlobalSection(ExtensibilityGlobals) = postSolution
		SolutionGuid = {29671970-98B5-471E-A163-F1ED92E1BE47}
	EndGlobalSection
EndGlobal
